
Microsoft Visual Studio Solution File, Format Version 12.00
# Visual Studio Version 17
VisualStudioVersion = 17.5.33424.131
MinimumVisualStudioVersion = 10.0.40219.1
Project("{FAE04EC0-301F-11D3-BF4B-00C04F79EFBC}") = "P01NarzedzieWebClient", "P01NarzedzieWebClient\P01NarzedzieWebClient.csproj", "{DD981F5D-8A9D-4FD5-AB65-9BA26A45B04C}"
EndProject
Project("{FAE04EC0-301F-11D3-BF4B-00C04F79EFBC}") = "P02ZadaniePogoda", "P02ZadaniePogoda\P02ZadaniePogoda.csproj", "{640C761A-B036-40CD-8226-95D2E12E4466}"
EndProject
Project("{FAE04EC0-301F-11D3-BF4B-00C04F79EFBC}") = "P03ObslugaBledow", "P03ObslugaBledow\P03ObslugaBledow.csproj", "{CF88E8B9-E357-4BA8-A932-B49B8FBE4685}"
EndProject
Project("{FAE04EC0-301F-11D3-BF4B-00C04F79EFBC}") = "P04Tablice", "P04Tablice\P04Tablice.csproj", "{04397684-D1C5-45A7-A4EC-CF43B9B4DB0F}"
EndProject
Project("{FAE04EC0-301F-11D3-BF4B-00C04F79EFBC}") = "P05ZadanieTablice", "P05ZadanieTablice\P05ZadanieTablice.csproj", "{1B06CEA2-4FE1-4DB7-B14B-7A86A55FDC29}"
EndProject
Project("{FAE04EC0-301F-11D3-BF4B-00C04F79EFBC}") = "P06KonwersjeTablicOrazNapisow", "P06KonwersjeTablicOrazNapisow\P06KonwersjeTablicOrazNapisow.csproj", "{85477828-0F6E-4B90-ACA5-D8D7E1A42254}"
EndProject
Project("{FAE04EC0-301F-11D3-BF4B-00C04F79EFBC}") = "P07Listy", "P07Listy\P07Listy.csproj", "{589194F3-53A0-4953-A527-E54D9385A8E7}"
EndProject
Project("{FAE04EC0-301F-11D3-BF4B-00C04F79EFBC}") = "P08ZadanieListy", "P08ZadanieListy\P08ZadanieListy.csproj", "{BBE03423-C1BE-4DF5-8C05-DF28E9791849}"
EndProject
Project("{FAE04EC0-301F-11D3-BF4B-00C04F79EFBC}") = "P09ZadanieZawodnicy", "P09ZadanieZawodnicy\P09ZadanieZawodnicy.csproj", "{E77CC072-7BE4-4407-B035-A14C38294F01}"
EndProject
Global
	GlobalSection(SolutionConfigurationPlatforms) = preSolution
		Debug|Any CPU = Debug|Any CPU
		Release|Any CPU = Release|Any CPU
	EndGlobalSection
	GlobalSection(ProjectConfigurationPlatforms) = postSolution
		{DD981F5D-8A9D-4FD5-AB65-9BA26A45B04C}.Debug|Any CPU.ActiveCfg = Debug|Any CPU
		{DD981F5D-8A9D-4FD5-AB65-9BA26A45B04C}.Debug|Any CPU.Build.0 = Debug|Any CPU
		{DD981F5D-8A9D-4FD5-AB65-9BA26A45B04C}.Release|Any CPU.ActiveCfg = Release|Any CPU
		{DD981F5D-8A9D-4FD5-AB65-9BA26A45B04C}.Release|Any CPU.Build.0 = Release|Any CPU
		{640C761A-B036-40CD-8226-95D2E12E4466}.Debug|Any CPU.ActiveCfg = Debug|Any CPU
		{640C761A-B036-40CD-8226-95D2E12E4466}.Debug|Any CPU.Build.0 = Debug|Any CPU
		{640C761A-B036-40CD-8226-95D2E12E4466}.Release|Any CPU.ActiveCfg = Release|Any CPU
		{640C761A-B036-40CD-8226-95D2E12E4466}.Release|Any CPU.Build.0 = Release|Any CPU
		{CF88E8B9-E357-4BA8-A932-B49B8FBE4685}.Debug|Any CPU.ActiveCfg = Debug|Any CPU
		{CF88E8B9-E357-4BA8-A932-B49B8FBE4685}.Debug|Any CPU.Build.0 = Debug|Any CPU
		{CF88E8B9-E357-4BA8-A932-B49B8FBE4685}.Release|Any CPU.ActiveCfg = Release|Any CPU
		{CF88E8B9-E357-4BA8-A932-B49B8FBE4685}.Release|Any CPU.Build.0 = Release|Any CPU
		{04397684-D1C5-45A7-A4EC-CF43B9B4DB0F}.Debug|Any CPU.ActiveCfg = Debug|Any CPU
		{04397684-D1C5-45A7-A4EC-CF43B9B4DB0F}.Debug|Any CPU.Build.0 = Debug|Any CPU
		{04397684-D1C5-45A7-A4EC-CF43B9B4DB0F}.Release|Any CPU.ActiveCfg = Release|Any CPU
		{04397684-D1C5-45A7-A4EC-CF43B9B4DB0F}.Release|Any CPU.Build.0 = Release|Any CPU
		{1B06CEA2-4FE1-4DB7-B14B-7A86A55FDC29}.Debug|Any CPU.ActiveCfg = Debug|Any CPU
		{1B06CEA2-4FE1-4DB7-B14B-7A86A55FDC29}.Debug|Any CPU.Build.0 = Debug|Any CPU
		{1B06CEA2-4FE1-4DB7-B14B-7A86A55FDC29}.Release|Any CPU.ActiveCfg = Release|Any CPU
		{1B06CEA2-4FE1-4DB7-B14B-7A86A55FDC29}.Release|Any CPU.Build.0 = Release|Any CPU
		{85477828-0F6E-4B90-ACA5-D8D7E1A42254}.Debug|Any CPU.ActiveCfg = Debug|Any CPU
		{85477828-0F6E-4B90-ACA5-D8D7E1A42254}.Debug|Any CPU.Build.0 = Debug|Any CPU
		{85477828-0F6E-4B90-ACA5-D8D7E1A42254}.Release|Any CPU.ActiveCfg = Release|Any CPU
		{85477828-0F6E-4B90-ACA5-D8D7E1A42254}.Release|Any CPU.Build.0 = Release|Any CPU
		{589194F3-53A0-4953-A527-E54D9385A8E7}.Debug|Any CPU.ActiveCfg = Debug|Any CPU
		{589194F3-53A0-4953-A527-E54D9385A8E7}.Debug|Any CPU.Build.0 = Debug|Any CPU
		{589194F3-53A0-4953-A527-E54D9385A8E7}.Release|Any CPU.ActiveCfg = Release|Any CPU
		{589194F3-53A0-4953-A527-E54D9385A8E7}.Release|Any CPU.Build.0 = Release|Any CPU
		{BBE03423-C1BE-4DF5-8C05-DF28E9791849}.Debug|Any CPU.ActiveCfg = Debug|Any CPU
		{BBE03423-C1BE-4DF5-8C05-DF28E9791849}.Debug|Any CPU.Build.0 = Debug|Any CPU
		{BBE03423-C1BE-4DF5-8C05-DF28E9791849}.Release|Any CPU.ActiveCfg = Release|Any CPU
		{BBE03423-C1BE-4DF5-8C05-DF28E9791849}.Release|Any CPU.Build.0 = Release|Any CPU
		{E77CC072-7BE4-4407-B035-A14C38294F01}.Debug|Any CPU.ActiveCfg = Debug|Any CPU
		{E77CC072-7BE4-4407-B035-A14C38294F01}.Debug|Any CPU.Build.0 = Debug|Any CPU
		{E77CC072-7BE4-4407-B035-A14C38294F01}.Release|Any CPU.ActiveCfg = Release|Any CPU
		{E77CC072-7BE4-4407-B035-A14C38294F01}.Release|Any CPU.Build.0 = Release|Any CPU
	EndGlobalSection
	GlobalSection(SolutionProperties) = preSolution
		HideSolutionNode = FALSE
	EndGlobalSection
	GlobalSection(ExtensibilityGlobals) = postSolution
		SolutionGuid = {D987A0B7-B96E-470C-851E-B012DA80AB8A}
	EndGlobalSection
EndGlobal
