
Microsoft Visual Studio Solution File, Format Version 12.00
# Visual Studio Version 17
VisualStudioVersion = 17.5.33424.131
MinimumVisualStudioVersion = 10.0.40219.1
Project("{FAE04EC0-301F-11D3-BF4B-00C04F79EFBC}") = "P01NarzedzieWebClient", "P01NarzedzieWebClient\P01NarzedzieWebClient.csproj", "{DD981F5D-8A9D-4FD5-AB65-9BA26A45B04C}"
EndProject
Project("{FAE04EC0-301F-11D3-BF4B-00C04F79EFBC}") = "P02ZadaniePogoda", "P02ZadaniePogoda\P02ZadaniePogoda.csproj", "{640C761A-B036-40CD-8226-95D2E12E4466}"
EndProject
Global
	GlobalSection(SolutionConfigurationPlatforms) = preSolution
		Debug|Any CPU = Debug|Any CPU
		Release|Any CPU = Release|Any CPU
	EndGlobalSection
	GlobalSection(ProjectConfigurationPlatforms) = postSolution
		{DD981F5D-8A9D-4FD5-AB65-9BA26A45B04C}.Debug|Any CPU.ActiveCfg = Debug|Any CPU
		{DD981F5D-8A9D-4FD5-AB65-9BA26A45B04C}.Debug|Any CPU.Build.0 = Debug|Any CPU
		{DD981F5D-8A9D-4FD5-AB65-9BA26A45B04C}.Release|Any CPU.ActiveCfg = Release|Any CPU
		{DD981F5D-8A9D-4FD5-AB65-9BA26A45B04C}.Release|Any CPU.Build.0 = Release|Any CPU
		{640C761A-B036-40CD-8226-95D2E12E4466}.Debug|Any CPU.ActiveCfg = Debug|Any CPU
		{640C761A-B036-40CD-8226-95D2E12E4466}.Debug|Any CPU.Build.0 = Debug|Any CPU
		{640C761A-B036-40CD-8226-95D2E12E4466}.Release|Any CPU.ActiveCfg = Release|Any CPU
		{640C761A-B036-40CD-8226-95D2E12E4466}.Release|Any CPU.Build.0 = Release|Any CPU
	EndGlobalSection
	GlobalSection(SolutionProperties) = preSolution
		HideSolutionNode = FALSE
	EndGlobalSection
	GlobalSection(ExtensibilityGlobals) = postSolution
		SolutionGuid = {D987A0B7-B96E-470C-851E-B012DA80AB8A}
	EndGlobalSection
EndGlobal
